
Microsoft Visual Studio Solution File, Format Version 12.00
# Visual Studio 15
VisualStudioVersion = 15.0.28010.2046
MinimumVisualStudioVersion = 10.0.40219.1
Project("{FAE04EC0-301F-11D3-BF4B-00C04F79EFBC}") = "ATM", "ATM\ATM.csproj", "{BDF80511-D305-4249-A04D-DD51C7B7CD7E}"
EndProject
Global
	GlobalSection(SolutionConfigurationPlatforms) = preSolution
		Debug|Any CPU = Debug|Any CPU
		Release|Any CPU = Release|Any CPU
	EndGlobalSection
	GlobalSection(ProjectConfigurationPlatforms) = postSolution
		{BDF80511-D305-4249-A04D-DD51C7B7CD7E}.Debug|Any CPU.ActiveCfg = Debug|Any CPU
		{BDF80511-D305-4249-A04D-DD51C7B7CD7E}.Debug|Any CPU.Build.0 = Debug|Any CPU
		{BDF80511-D305-4249-A04D-DD51C7B7CD7E}.Release|Any CPU.ActiveCfg = Release|Any CPU
		{BDF80511-D305-4249-A04D-DD51C7B7CD7E}.Release|Any CPU.Build.0 = Release|Any CPU
	EndGlobalSection
	GlobalSection(SolutionProperties) = preSolution
		HideSolutionNode = FALSE
	EndGlobalSection
	GlobalSection(ExtensibilityGlobals) = postSolution
		SolutionGuid = {2CF87FE0-AACE-4A59-AC17-686F2F64353E}
	EndGlobalSection
EndGlobal
